
Microsoft Visual Studio Solution File, Format Version 12.00
# Visual Studio 15
VisualStudioVersion = 15.0.28010.2036
MinimumVisualStudioVersion = 10.0.40219.1
Project("{FAE04EC0-301F-11D3-BF4B-00C04F79EFBC}") = "ScreenTools", "ScreenTools\ScreenTools.csproj", "{0F9A4FEC-3FBC-4683-8731-BA063A002B42}"
EndProject
Project("{FAE04EC0-301F-11D3-BF4B-00C04F79EFBC}") = "CaptureImageTool", "CaptureImageTool\CaptureImageTool.csproj", "{13E62362-5D00-418F-83FF-99B2699746D7}"
EndProject
Project("{FAE04EC0-301F-11D3-BF4B-00C04F79EFBC}") = "NAudio", "NAudio\NAudio.csproj", "{DA4F02E3-0B5E-42CD-B8D9-5583FA51D66E}"
EndProject
Project("{FAE04EC0-301F-11D3-BF4B-00C04F79EFBC}") = "Captura.Base", "Captura.Base\Captura.Base.csproj", "{388D8B28-E629-4684-8537-8D78719B69E5}"
EndProject
Project("{FAE04EC0-301F-11D3-BF4B-00C04F79EFBC}") = "Captura.Bass", "Captura.Bass\Captura.Bass.csproj", "{27B996F1-B0F4-431A-B57C-B4B656EDE7BC}"
EndProject
Project("{FAE04EC0-301F-11D3-BF4B-00C04F79EFBC}") = "Captura.Console", "Captura.Console\Captura.Console.csproj", "{CC710D4D-DFE8-4B31-BD7E-59AD80737E13}"
EndProject
Project("{FAE04EC0-301F-11D3-BF4B-00C04F79EFBC}") = "Captura.Core", "Captura.Core\Captura.Core.csproj", "{F8568B22-8AC6-49C5-92DF-E1C359FF1FAB}"
EndProject
Project("{FAE04EC0-301F-11D3-BF4B-00C04F79EFBC}") = "Captura.Fakes", "Captura.Fakes\Captura.Fakes.csproj", "{0BB58B16-1A6C-4256-AEC2-3EA64541B663}"
EndProject
Project("{FAE04EC0-301F-11D3-BF4B-00C04F79EFBC}") = "Captura.Loc", "Captura.Loc\Captura.Loc.csproj", "{1E4BE8D4-A84F-4389-ACD9-277F1CB5F097}"
EndProject
Project("{FAE04EC0-301F-11D3-BF4B-00C04F79EFBC}") = "Captura.Native", "Captura.Native\Captura.Native.csproj", "{81F2E68E-4708-4D52-8419-51888F22D05E}"
EndProject
Project("{FAE04EC0-301F-11D3-BF4B-00C04F79EFBC}") = "Captura.SharpAvi", "Captura.SharpAvi\Captura.SharpAvi.csproj", "{BB8FF9F8-EC60-4A4A-A3F0-D9FBFB585D86}"
EndProject
Project("{FAE04EC0-301F-11D3-BF4B-00C04F79EFBC}") = "Screna", "Screna\Screna.csproj", "{23CB9ADB-BA9F-4618-BD0C-589A00A532E5}"
EndProject
Project("{FAE04EC0-301F-11D3-BF4B-00C04F79EFBC}") = "Captura.FFmpeg", "Captura.FFmpeg\Captura.FFmpeg.csproj", "{4E1E8F5B-6A19-48CE-9C1F-B46A0622B32C}"
EndProject
Project("{FAE04EC0-301F-11D3-BF4B-00C04F79EFBC}") = "Captura.Hotkeys", "Captura.Hotkeys\Captura.Hotkeys.csproj", "{A9BAFF4D-03E1-4E6A-9075-C50874C04CC7}"
EndProject
Project("{FAE04EC0-301F-11D3-BF4B-00C04F79EFBC}") = "Captura.MouseKeyHook", "Captura.MouseKeyHook\Captura.MouseKeyHook.csproj", "{6CC6E9C8-9A94-4FB0-8396-47E2ECBD8300}"
EndProject
Project("{FAE04EC0-301F-11D3-BF4B-00C04F79EFBC}") = "Captura.Webcam", "Captura.Webcam\Captura.Webcam.csproj", "{8CE140BC-61D1-4A4A-A313-A966D961282C}"
EndProject
Project("{FAE04EC0-301F-11D3-BF4B-00C04F79EFBC}") = "DesktopDuplication", "DesktopDuplication\DesktopDuplication.csproj", "{222C215B-663F-4BD6-9B3E-8FA99C867B22}"
EndProject
Project("{FAE04EC0-301F-11D3-BF4B-00C04F79EFBC}") = "Captura", "Captura\Captura.csproj", "{0B496E01-F328-4969-832C-C75977B4F4E6}"
EndProject
Project("{54435603-DBB4-11D2-8724-00A0C9A8B90C}") = "GeimxCS", "GeimxCS\GeimxCS.vdproj", "{168B75B8-2B28-4A01-BB4C-E59CE72329AE}"
EndProject
Global
	GlobalSection(SolutionConfigurationPlatforms) = preSolution
		Debug|Any CPU = Debug|Any CPU
		Debug|x64 = Debug|x64
		Debug|x86 = Debug|x86
		Release|Any CPU = Release|Any CPU
		Release|x64 = Release|x64
		Release|x86 = Release|x86
	EndGlobalSection
	GlobalSection(ProjectConfigurationPlatforms) = postSolution
		{0F9A4FEC-3FBC-4683-8731-BA063A002B42}.Debug|Any CPU.ActiveCfg = Debug|Any CPU
		{0F9A4FEC-3FBC-4683-8731-BA063A002B42}.Debug|Any CPU.Build.0 = Debug|Any CPU
		{0F9A4FEC-3FBC-4683-8731-BA063A002B42}.Debug|x64.ActiveCfg = Debug|x64
		{0F9A4FEC-3FBC-4683-8731-BA063A002B42}.Debug|x64.Build.0 = Debug|x64
		{0F9A4FEC-3FBC-4683-8731-BA063A002B42}.Debug|x86.ActiveCfg = Debug|x86
		{0F9A4FEC-3FBC-4683-8731-BA063A002B42}.Debug|x86.Build.0 = Debug|x86
		{0F9A4FEC-3FBC-4683-8731-BA063A002B42}.Release|Any CPU.ActiveCfg = Release|Any CPU
		{0F9A4FEC-3FBC-4683-8731-BA063A002B42}.Release|Any CPU.Build.0 = Release|Any CPU
		{0F9A4FEC-3FBC-4683-8731-BA063A002B42}.Release|x64.ActiveCfg = Release|x64
		{0F9A4FEC-3FBC-4683-8731-BA063A002B42}.Release|x64.Build.0 = Release|x64
		{0F9A4FEC-3FBC-4683-8731-BA063A002B42}.Release|x86.ActiveCfg = Release|x86
		{0F9A4FEC-3FBC-4683-8731-BA063A002B42}.Release|x86.Build.0 = Release|x86
		{13E62362-5D00-418F-83FF-99B2699746D7}.Debug|Any CPU.ActiveCfg = Debug|Any CPU
		{13E62362-5D00-418F-83FF-99B2699746D7}.Debug|Any CPU.Build.0 = Debug|Any CPU
		{13E62362-5D00-418F-83FF-99B2699746D7}.Debug|x64.ActiveCfg = Debug|Any CPU
		{13E62362-5D00-418F-83FF-99B2699746D7}.Debug|x64.Build.0 = Debug|Any CPU
		{13E62362-5D00-418F-83FF-99B2699746D7}.Debug|x86.ActiveCfg = Debug|Any CPU
		{13E62362-5D00-418F-83FF-99B2699746D7}.Debug|x86.Build.0 = Debug|Any CPU
		{13E62362-5D00-418F-83FF-99B2699746D7}.Release|Any CPU.ActiveCfg = Release|Any CPU
		{13E62362-5D00-418F-83FF-99B2699746D7}.Release|Any CPU.Build.0 = Release|Any CPU
		{13E62362-5D00-418F-83FF-99B2699746D7}.Release|x64.ActiveCfg = Release|Any CPU
		{13E62362-5D00-418F-83FF-99B2699746D7}.Release|x64.Build.0 = Release|Any CPU
		{13E62362-5D00-418F-83FF-99B2699746D7}.Release|x86.ActiveCfg = Release|Any CPU
		{13E62362-5D00-418F-83FF-99B2699746D7}.Release|x86.Build.0 = Release|Any CPU
		{DA4F02E3-0B5E-42CD-B8D9-5583FA51D66E}.Debug|Any CPU.ActiveCfg = Debug|Any CPU
		{DA4F02E3-0B5E-42CD-B8D9-5583FA51D66E}.Debug|Any CPU.Build.0 = Debug|Any CPU
		{DA4F02E3-0B5E-42CD-B8D9-5583FA51D66E}.Debug|x64.ActiveCfg = Debug|Any CPU
		{DA4F02E3-0B5E-42CD-B8D9-5583FA51D66E}.Debug|x64.Build.0 = Debug|Any CPU
		{DA4F02E3-0B5E-42CD-B8D9-5583FA51D66E}.Debug|x86.ActiveCfg = Debug|Any CPU
		{DA4F02E3-0B5E-42CD-B8D9-5583FA51D66E}.Debug|x86.Build.0 = Debug|Any CPU
		{DA4F02E3-0B5E-42CD-B8D9-5583FA51D66E}.Release|Any CPU.ActiveCfg = Release|Any CPU
		{DA4F02E3-0B5E-42CD-B8D9-5583FA51D66E}.Release|Any CPU.Build.0 = Release|Any CPU
		{DA4F02E3-0B5E-42CD-B8D9-5583FA51D66E}.Release|x64.ActiveCfg = Release|Any CPU
		{DA4F02E3-0B5E-42CD-B8D9-5583FA51D66E}.Release|x64.Build.0 = Release|Any CPU
		{DA4F02E3-0B5E-42CD-B8D9-5583FA51D66E}.Release|x86.ActiveCfg = Release|Any CPU
		{DA4F02E3-0B5E-42CD-B8D9-5583FA51D66E}.Release|x86.Build.0 = Release|Any CPU
		{388D8B28-E629-4684-8537-8D78719B69E5}.Debug|Any CPU.ActiveCfg = Debug|Any CPU
		{388D8B28-E629-4684-8537-8D78719B69E5}.Debug|Any CPU.Build.0 = Debug|Any CPU
		{388D8B28-E629-4684-8537-8D78719B69E5}.Debug|x64.ActiveCfg = Debug|Any CPU
		{388D8B28-E629-4684-8537-8D78719B69E5}.Debug|x64.Build.0 = Debug|Any CPU
		{388D8B28-E629-4684-8537-8D78719B69E5}.Debug|x86.ActiveCfg = Debug|Any CPU
		{388D8B28-E629-4684-8537-8D78719B69E5}.Debug|x86.Build.0 = Debug|Any CPU
		{388D8B28-E629-4684-8537-8D78719B69E5}.Release|Any CPU.ActiveCfg = Release|Any CPU
		{388D8B28-E629-4684-8537-8D78719B69E5}.Release|Any CPU.Build.0 = Release|Any CPU
		{388D8B28-E629-4684-8537-8D78719B69E5}.Release|x64.ActiveCfg = Release|Any CPU
		{388D8B28-E629-4684-8537-8D78719B69E5}.Release|x64.Build.0 = Release|Any CPU
		{388D8B28-E629-4684-8537-8D78719B69E5}.Release|x86.ActiveCfg = Release|Any CPU
		{388D8B28-E629-4684-8537-8D78719B69E5}.Release|x86.Build.0 = Release|Any CPU
		{27B996F1-B0F4-431A-B57C-B4B656EDE7BC}.Debug|Any CPU.ActiveCfg = Debug|Any CPU
		{27B996F1-B0F4-431A-B57C-B4B656EDE7BC}.Debug|Any CPU.Build.0 = Debug|Any CPU
		{27B996F1-B0F4-431A-B57C-B4B656EDE7BC}.Debug|x64.ActiveCfg = Debug|Any CPU
		{27B996F1-B0F4-431A-B57C-B4B656EDE7BC}.Debug|x64.Build.0 = Debug|Any CPU
		{27B996F1-B0F4-431A-B57C-B4B656EDE7BC}.Debug|x86.ActiveCfg = Debug|Any CPU
		{27B996F1-B0F4-431A-B57C-B4B656EDE7BC}.Debug|x86.Build.0 = Debug|Any CPU
		{27B996F1-B0F4-431A-B57C-B4B656EDE7BC}.Release|Any CPU.ActiveCfg = Release|Any CPU
		{27B996F1-B0F4-431A-B57C-B4B656EDE7BC}.Release|Any CPU.Build.0 = Release|Any CPU
		{27B996F1-B0F4-431A-B57C-B4B656EDE7BC}.Release|x64.ActiveCfg = Release|Any CPU
		{27B996F1-B0F4-431A-B57C-B4B656EDE7BC}.Release|x64.Build.0 = Release|Any CPU
		{27B996F1-B0F4-431A-B57C-B4B656EDE7BC}.Release|x86.ActiveCfg = Release|Any CPU
		{27B996F1-B0F4-431A-B57C-B4B656EDE7BC}.Release|x86.Build.0 = Release|Any CPU
		{CC710D4D-DFE8-4B31-BD7E-59AD80737E13}.Debug|Any CPU.ActiveCfg = Debug|Any CPU
		{CC710D4D-DFE8-4B31-BD7E-59AD80737E13}.Debug|Any CPU.Build.0 = Debug|Any CPU
		{CC710D4D-DFE8-4B31-BD7E-59AD80737E13}.Debug|x64.ActiveCfg = Debug|Any CPU
		{CC710D4D-DFE8-4B31-BD7E-59AD80737E13}.Debug|x64.Build.0 = Debug|Any CPU
		{CC710D4D-DFE8-4B31-BD7E-59AD80737E13}.Debug|x86.ActiveCfg = Debug|Any CPU
		{CC710D4D-DFE8-4B31-BD7E-59AD80737E13}.Debug|x86.Build.0 = Debug|Any CPU
		{CC710D4D-DFE8-4B31-BD7E-59AD80737E13}.Release|Any CPU.ActiveCfg = Release|Any CPU
		{CC710D4D-DFE8-4B31-BD7E-59AD80737E13}.Release|Any CPU.Build.0 = Release|Any CPU
		{CC710D4D-DFE8-4B31-BD7E-59AD80737E13}.Release|x64.ActiveCfg = Release|Any CPU
		{CC710D4D-DFE8-4B31-BD7E-59AD80737E13}.Release|x64.Build.0 = Release|Any CPU
		{CC710D4D-DFE8-4B31-BD7E-59AD80737E13}.Release|x86.ActiveCfg = Release|Any CPU
		{CC710D4D-DFE8-4B31-BD7E-59AD80737E13}.Release|x86.Build.0 = Release|Any CPU
		{F8568B22-8AC6-49C5-92DF-E1C359FF1FAB}.Debug|Any CPU.ActiveCfg = Debug|Any CPU
		{F8568B22-8AC6-49C5-92DF-E1C359FF1FAB}.Debug|Any CPU.Build.0 = Debug|Any CPU
		{F8568B22-8AC6-49C5-92DF-E1C359FF1FAB}.Debug|x64.ActiveCfg = Debug|Any CPU
		{F8568B22-8AC6-49C5-92DF-E1C359FF1FAB}.Debug|x64.Build.0 = Debug|Any CPU
		{F8568B22-8AC6-49C5-92DF-E1C359FF1FAB}.Debug|x86.ActiveCfg = Debug|Any CPU
		{F8568B22-8AC6-49C5-92DF-E1C359FF1FAB}.Debug|x86.Build.0 = Debug|Any CPU
		{F8568B22-8AC6-49C5-92DF-E1C359FF1FAB}.Release|Any CPU.ActiveCfg = Release|Any CPU
		{F8568B22-8AC6-49C5-92DF-E1C359FF1FAB}.Release|Any CPU.Build.0 = Release|Any CPU
		{F8568B22-8AC6-49C5-92DF-E1C359FF1FAB}.Release|x64.ActiveCfg = Release|Any CPU
		{F8568B22-8AC6-49C5-92DF-E1C359FF1FAB}.Release|x64.Build.0 = Release|Any CPU
		{F8568B22-8AC6-49C5-92DF-E1C359FF1FAB}.Release|x86.ActiveCfg = Release|Any CPU
		{F8568B22-8AC6-49C5-92DF-E1C359FF1FAB}.Release|x86.Build.0 = Release|Any CPU
		{0BB58B16-1A6C-4256-AEC2-3EA64541B663}.Debug|Any CPU.ActiveCfg = Debug|Any CPU
		{0BB58B16-1A6C-4256-AEC2-3EA64541B663}.Debug|Any CPU.Build.0 = Debug|Any CPU
		{0BB58B16-1A6C-4256-AEC2-3EA64541B663}.Debug|x64.ActiveCfg = Debug|Any CPU
		{0BB58B16-1A6C-4256-AEC2-3EA64541B663}.Debug|x64.Build.0 = Debug|Any CPU
		{0BB58B16-1A6C-4256-AEC2-3EA64541B663}.Debug|x86.ActiveCfg = Debug|Any CPU
		{0BB58B16-1A6C-4256-AEC2-3EA64541B663}.Debug|x86.Build.0 = Debug|Any CPU
		{0BB58B16-1A6C-4256-AEC2-3EA64541B663}.Release|Any CPU.ActiveCfg = Release|Any CPU
		{0BB58B16-1A6C-4256-AEC2-3EA64541B663}.Release|Any CPU.Build.0 = Release|Any CPU
		{0BB58B16-1A6C-4256-AEC2-3EA64541B663}.Release|x64.ActiveCfg = Release|Any CPU
		{0BB58B16-1A6C-4256-AEC2-3EA64541B663}.Release|x64.Build.0 = Release|Any CPU
		{0BB58B16-1A6C-4256-AEC2-3EA64541B663}.Release|x86.ActiveCfg = Release|Any CPU
		{0BB58B16-1A6C-4256-AEC2-3EA64541B663}.Release|x86.Build.0 = Release|Any CPU
		{1E4BE8D4-A84F-4389-ACD9-277F1CB5F097}.Debug|Any CPU.ActiveCfg = Debug|Any CPU
		{1E4BE8D4-A84F-4389-ACD9-277F1CB5F097}.Debug|Any CPU.Build.0 = Debug|Any CPU
		{1E4BE8D4-A84F-4389-ACD9-277F1CB5F097}.Debug|x64.ActiveCfg = Debug|Any CPU
		{1E4BE8D4-A84F-4389-ACD9-277F1CB5F097}.Debug|x64.Build.0 = Debug|Any CPU
		{1E4BE8D4-A84F-4389-ACD9-277F1CB5F097}.Debug|x86.ActiveCfg = Debug|Any CPU
		{1E4BE8D4-A84F-4389-ACD9-277F1CB5F097}.Debug|x86.Build.0 = Debug|Any CPU
		{1E4BE8D4-A84F-4389-ACD9-277F1CB5F097}.Release|Any CPU.ActiveCfg = Release|Any CPU
		{1E4BE8D4-A84F-4389-ACD9-277F1CB5F097}.Release|Any CPU.Build.0 = Release|Any CPU
		{1E4BE8D4-A84F-4389-ACD9-277F1CB5F097}.Release|x64.ActiveCfg = Release|Any CPU
		{1E4BE8D4-A84F-4389-ACD9-277F1CB5F097}.Release|x64.Build.0 = Release|Any CPU
		{1E4BE8D4-A84F-4389-ACD9-277F1CB5F097}.Release|x86.ActiveCfg = Release|Any CPU
		{1E4BE8D4-A84F-4389-ACD9-277F1CB5F097}.Release|x86.Build.0 = Release|Any CPU
		{81F2E68E-4708-4D52-8419-51888F22D05E}.Debug|Any CPU.ActiveCfg = Debug|Any CPU
		{81F2E68E-4708-4D52-8419-51888F22D05E}.Debug|Any CPU.Build.0 = Debug|Any CPU
		{81F2E68E-4708-4D52-8419-51888F22D05E}.Debug|x64.ActiveCfg = Debug|Any CPU
		{81F2E68E-4708-4D52-8419-51888F22D05E}.Debug|x64.Build.0 = Debug|Any CPU
		{81F2E68E-4708-4D52-8419-51888F22D05E}.Debug|x86.ActiveCfg = Debug|Any CPU
		{81F2E68E-4708-4D52-8419-51888F22D05E}.Debug|x86.Build.0 = Debug|Any CPU
		{81F2E68E-4708-4D52-8419-51888F22D05E}.Release|Any CPU.ActiveCfg = Release|Any CPU
		{81F2E68E-4708-4D52-8419-51888F22D05E}.Release|Any CPU.Build.0 = Release|Any CPU
		{81F2E68E-4708-4D52-8419-51888F22D05E}.Release|x64.ActiveCfg = Release|Any CPU
		{81F2E68E-4708-4D52-8419-51888F22D05E}.Release|x64.Build.0 = Release|Any CPU
		{81F2E68E-4708-4D52-8419-51888F22D05E}.Release|x86.ActiveCfg = Release|Any CPU
		{81F2E68E-4708-4D52-8419-51888F22D05E}.Release|x86.Build.0 = Release|Any CPU
		{BB8FF9F8-EC60-4A4A-A3F0-D9FBFB585D86}.Debug|Any CPU.ActiveCfg = Debug|Any CPU
		{BB8FF9F8-EC60-4A4A-A3F0-D9FBFB585D86}.Debug|Any CPU.Build.0 = Debug|Any CPU
		{BB8FF9F8-EC60-4A4A-A3F0-D9FBFB585D86}.Debug|x64.ActiveCfg = Debug|Any CPU
		{BB8FF9F8-EC60-4A4A-A3F0-D9FBFB585D86}.Debug|x64.Build.0 = Debug|Any CPU
		{BB8FF9F8-EC60-4A4A-A3F0-D9FBFB585D86}.Debug|x86.ActiveCfg = Debug|Any CPU
		{BB8FF9F8-EC60-4A4A-A3F0-D9FBFB585D86}.Debug|x86.Build.0 = Debug|Any CPU
		{BB8FF9F8-EC60-4A4A-A3F0-D9FBFB585D86}.Release|Any CPU.ActiveCfg = Release|Any CPU
		{BB8FF9F8-EC60-4A4A-A3F0-D9FBFB585D86}.Release|Any CPU.Build.0 = Release|Any CPU
		{BB8FF9F8-EC60-4A4A-A3F0-D9FBFB585D86}.Release|x64.ActiveCfg = Release|Any CPU
		{BB8FF9F8-EC60-4A4A-A3F0-D9FBFB585D86}.Release|x64.Build.0 = Release|Any CPU
		{BB8FF9F8-EC60-4A4A-A3F0-D9FBFB585D86}.Release|x86.ActiveCfg = Release|Any CPU
		{BB8FF9F8-EC60-4A4A-A3F0-D9FBFB585D86}.Release|x86.Build.0 = Release|Any CPU
		{23CB9ADB-BA9F-4618-BD0C-589A00A532E5}.Debug|Any CPU.ActiveCfg = Debug|Any CPU
		{23CB9ADB-BA9F-4618-BD0C-589A00A532E5}.Debug|Any CPU.Build.0 = Debug|Any CPU
		{23CB9ADB-BA9F-4618-BD0C-589A00A532E5}.Debug|x64.ActiveCfg = Debug|Any CPU
		{23CB9ADB-BA9F-4618-BD0C-589A00A532E5}.Debug|x64.Build.0 = Debug|Any CPU
		{23CB9ADB-BA9F-4618-BD0C-589A00A532E5}.Debug|x86.ActiveCfg = Debug|Any CPU
		{23CB9ADB-BA9F-4618-BD0C-589A00A532E5}.Debug|x86.Build.0 = Debug|Any CPU
		{23CB9ADB-BA9F-4618-BD0C-589A00A532E5}.Release|Any CPU.ActiveCfg = Release|Any CPU
		{23CB9ADB-BA9F-4618-BD0C-589A00A532E5}.Release|Any CPU.Build.0 = Release|Any CPU
		{23CB9ADB-BA9F-4618-BD0C-589A00A532E5}.Release|x64.ActiveCfg = Release|Any CPU
		{23CB9ADB-BA9F-4618-BD0C-589A00A532E5}.Release|x64.Build.0 = Release|Any CPU
		{23CB9ADB-BA9F-4618-BD0C-589A00A532E5}.Release|x86.ActiveCfg = Release|Any CPU
		{23CB9ADB-BA9F-4618-BD0C-589A00A532E5}.Release|x86.Build.0 = Release|Any CPU
		{4E1E8F5B-6A19-48CE-9C1F-B46A0622B32C}.Debug|Any CPU.ActiveCfg = Debug|Any CPU
		{4E1E8F5B-6A19-48CE-9C1F-B46A0622B32C}.Debug|Any CPU.Build.0 = Debug|Any CPU
		{4E1E8F5B-6A19-48CE-9C1F-B46A0622B32C}.Debug|x64.ActiveCfg = Debug|Any CPU
		{4E1E8F5B-6A19-48CE-9C1F-B46A0622B32C}.Debug|x64.Build.0 = Debug|Any CPU
		{4E1E8F5B-6A19-48CE-9C1F-B46A0622B32C}.Debug|x86.ActiveCfg = Debug|Any CPU
		{4E1E8F5B-6A19-48CE-9C1F-B46A0622B32C}.Debug|x86.Build.0 = Debug|Any CPU
		{4E1E8F5B-6A19-48CE-9C1F-B46A0622B32C}.Release|Any CPU.ActiveCfg = Release|Any CPU
		{4E1E8F5B-6A19-48CE-9C1F-B46A0622B32C}.Release|Any CPU.Build.0 = Release|Any CPU
		{4E1E8F5B-6A19-48CE-9C1F-B46A0622B32C}.Release|x64.ActiveCfg = Release|Any CPU
		{4E1E8F5B-6A19-48CE-9C1F-B46A0622B32C}.Release|x64.Build.0 = Release|Any CPU
		{4E1E8F5B-6A19-48CE-9C1F-B46A0622B32C}.Release|x86.ActiveCfg = Release|Any CPU
		{4E1E8F5B-6A19-48CE-9C1F-B46A0622B32C}.Release|x86.Build.0 = Release|Any CPU
		{A9BAFF4D-03E1-4E6A-9075-C50874C04CC7}.Debug|Any CPU.ActiveCfg = Debug|Any CPU
		{A9BAFF4D-03E1-4E6A-9075-C50874C04CC7}.Debug|Any CPU.Build.0 = Debug|Any CPU
		{A9BAFF4D-03E1-4E6A-9075-C50874C04CC7}.Debug|x64.ActiveCfg = Debug|Any CPU
		{A9BAFF4D-03E1-4E6A-9075-C50874C04CC7}.Debug|x64.Build.0 = Debug|Any CPU
		{A9BAFF4D-03E1-4E6A-9075-C50874C04CC7}.Debug|x86.ActiveCfg = Debug|Any CPU
		{A9BAFF4D-03E1-4E6A-9075-C50874C04CC7}.Debug|x86.Build.0 = Debug|Any CPU
		{A9BAFF4D-03E1-4E6A-9075-C50874C04CC7}.Release|Any CPU.ActiveCfg = Release|Any CPU
		{A9BAFF4D-03E1-4E6A-9075-C50874C04CC7}.Release|Any CPU.Build.0 = Release|Any CPU
		{A9BAFF4D-03E1-4E6A-9075-C50874C04CC7}.Release|x64.ActiveCfg = Release|Any CPU
		{A9BAFF4D-03E1-4E6A-9075-C50874C04CC7}.Release|x64.Build.0 = Release|Any CPU
		{A9BAFF4D-03E1-4E6A-9075-C50874C04CC7}.Release|x86.ActiveCfg = Release|Any CPU
		{A9BAFF4D-03E1-4E6A-9075-C50874C04CC7}.Release|x86.Build.0 = Release|Any CPU
		{6CC6E9C8-9A94-4FB0-8396-47E2ECBD8300}.Debug|Any CPU.ActiveCfg = Debug|Any CPU
		{6CC6E9C8-9A94-4FB0-8396-47E2ECBD8300}.Debug|Any CPU.Build.0 = Debug|Any CPU
		{6CC6E9C8-9A94-4FB0-8396-47E2ECBD8300}.Debug|x64.ActiveCfg = Debug|Any CPU
		{6CC6E9C8-9A94-4FB0-8396-47E2ECBD8300}.Debug|x64.Build.0 = Debug|Any CPU
		{6CC6E9C8-9A94-4FB0-8396-47E2ECBD8300}.Debug|x86.ActiveCfg = Debug|Any CPU
		{6CC6E9C8-9A94-4FB0-8396-47E2ECBD8300}.Debug|x86.Build.0 = Debug|Any CPU
		{6CC6E9C8-9A94-4FB0-8396-47E2ECBD8300}.Release|Any CPU.ActiveCfg = Release|Any CPU
		{6CC6E9C8-9A94-4FB0-8396-47E2ECBD8300}.Release|Any CPU.Build.0 = Release|Any CPU
		{6CC6E9C8-9A94-4FB0-8396-47E2ECBD8300}.Release|x64.ActiveCfg = Release|Any CPU
		{6CC6E9C8-9A94-4FB0-8396-47E2ECBD8300}.Release|x64.Build.0 = Release|Any CPU
		{6CC6E9C8-9A94-4FB0-8396-47E2ECBD8300}.Release|x86.ActiveCfg = Release|Any CPU
		{6CC6E9C8-9A94-4FB0-8396-47E2ECBD8300}.Release|x86.Build.0 = Release|Any CPU
		{8CE140BC-61D1-4A4A-A313-A966D961282C}.Debug|Any CPU.ActiveCfg = Debug|Any CPU
		{8CE140BC-61D1-4A4A-A313-A966D961282C}.Debug|Any CPU.Build.0 = Debug|Any CPU
		{8CE140BC-61D1-4A4A-A313-A966D961282C}.Debug|x64.ActiveCfg = Debug|Any CPU
		{8CE140BC-61D1-4A4A-A313-A966D961282C}.Debug|x64.Build.0 = Debug|Any CPU
		{8CE140BC-61D1-4A4A-A313-A966D961282C}.Debug|x86.ActiveCfg = Debug|Any CPU
		{8CE140BC-61D1-4A4A-A313-A966D961282C}.Debug|x86.Build.0 = Debug|Any CPU
		{8CE140BC-61D1-4A4A-A313-A966D961282C}.Release|Any CPU.ActiveCfg = Release|Any CPU
		{8CE140BC-61D1-4A4A-A313-A966D961282C}.Release|Any CPU.Build.0 = Release|Any CPU
		{8CE140BC-61D1-4A4A-A313-A966D961282C}.Release|x64.ActiveCfg = Release|Any CPU
		{8CE140BC-61D1-4A4A-A313-A966D961282C}.Release|x64.Build.0 = Release|Any CPU
		{8CE140BC-61D1-4A4A-A313-A966D961282C}.Release|x86.ActiveCfg = Release|Any CPU
		{8CE140BC-61D1-4A4A-A313-A966D961282C}.Release|x86.Build.0 = Release|Any CPU
		{222C215B-663F-4BD6-9B3E-8FA99C867B22}.Debug|Any CPU.ActiveCfg = Debug|Any CPU
		{222C215B-663F-4BD6-9B3E-8FA99C867B22}.Debug|Any CPU.Build.0 = Debug|Any CPU
		{222C215B-663F-4BD6-9B3E-8FA99C867B22}.Debug|x64.ActiveCfg = Debug|Any CPU
		{222C215B-663F-4BD6-9B3E-8FA99C867B22}.Debug|x64.Build.0 = Debug|Any CPU
		{222C215B-663F-4BD6-9B3E-8FA99C867B22}.Debug|x86.ActiveCfg = Debug|Any CPU
		{222C215B-663F-4BD6-9B3E-8FA99C867B22}.Debug|x86.Build.0 = Debug|Any CPU
		{222C215B-663F-4BD6-9B3E-8FA99C867B22}.Release|Any CPU.ActiveCfg = Release|Any CPU
		{222C215B-663F-4BD6-9B3E-8FA99C867B22}.Release|Any CPU.Build.0 = Release|Any CPU
		{222C215B-663F-4BD6-9B3E-8FA99C867B22}.Release|x64.ActiveCfg = Release|Any CPU
		{222C215B-663F-4BD6-9B3E-8FA99C867B22}.Release|x64.Build.0 = Release|Any CPU
		{222C215B-663F-4BD6-9B3E-8FA99C867B22}.Release|x86.ActiveCfg = Release|Any CPU
		{222C215B-663F-4BD6-9B3E-8FA99C867B22}.Release|x86.Build.0 = Release|Any CPU
		{0B496E01-F328-4969-832C-C75977B4F4E6}.Debug|Any CPU.ActiveCfg = Debug|Any CPU
		{0B496E01-F328-4969-832C-C75977B4F4E6}.Debug|Any CPU.Build.0 = Debug|Any CPU
		{0B496E01-F328-4969-832C-C75977B4F4E6}.Debug|x64.ActiveCfg = Debug|Any CPU
		{0B496E01-F328-4969-832C-C75977B4F4E6}.Debug|x64.Build.0 = Debug|Any CPU
		{0B496E01-F328-4969-832C-C75977B4F4E6}.Debug|x86.ActiveCfg = Debug|Any CPU
		{0B496E01-F328-4969-832C-C75977B4F4E6}.Debug|x86.Build.0 = Debug|Any CPU
		{0B496E01-F328-4969-832C-C75977B4F4E6}.Release|Any CPU.ActiveCfg = Release|Any CPU
		{0B496E01-F328-4969-832C-C75977B4F4E6}.Release|Any CPU.Build.0 = Release|Any CPU
		{0B496E01-F328-4969-832C-C75977B4F4E6}.Release|x64.ActiveCfg = Release|Any CPU
		{0B496E01-F328-4969-832C-C75977B4F4E6}.Release|x64.Build.0 = Release|Any CPU
		{0B496E01-F328-4969-832C-C75977B4F4E6}.Release|x86.ActiveCfg = Release|Any CPU
		{0B496E01-F328-4969-832C-C75977B4F4E6}.Release|x86.Build.0 = Release|Any CPU
		{168B75B8-2B28-4A01-BB4C-E59CE72329AE}.Debug|Any CPU.ActiveCfg = Debug
		{168B75B8-2B28-4A01-BB4C-E59CE72329AE}.Debug|x64.ActiveCfg = Debug
		{168B75B8-2B28-4A01-BB4C-E59CE72329AE}.Debug|x86.ActiveCfg = Debug
		{168B75B8-2B28-4A01-BB4C-E59CE72329AE}.Release|Any CPU.ActiveCfg = Release
		{168B75B8-2B28-4A01-BB4C-E59CE72329AE}.Release|x64.ActiveCfg = Release
		{168B75B8-2B28-4A01-BB4C-E59CE72329AE}.Release|x86.ActiveCfg = Release
		{168B75B8-2B28-4A01-BB4C-E59CE72329AE}.Release|x86.Build.0 = Release
	EndGlobalSection
	GlobalSection(SolutionProperties) = preSolution
		HideSolutionNode = FALSE
	EndGlobalSection
	GlobalSection(ExtensibilityGlobals) = postSolution
		SolutionGuid = {FEC03107-4720-4032-84EA-A75A43942F1E}
	EndGlobalSection
EndGlobal
